
Microsoft Visual Studio Solution File, Format Version 12.00
# Visual Studio Version 17
VisualStudioVersion = 17.5.33502.453
MinimumVisualStudioVersion = 10.0.40219.1
Project("{8BC9CEB8-8B4A-11D0-8D11-00A0C91BC942}") = "DataStructure_Heap3", "DataStructure_Heap3\DataStructure_Heap3.vcxproj", "{060D87C4-6FB4-43C4-899F-E5ABDB74A61F}"
EndProject
Global
	GlobalSection(SolutionConfigurationPlatforms) = preSolution
		Debug|x64 = Debug|x64
		Debug|x86 = Debug|x86
		Release|x64 = Release|x64
		Release|x86 = Release|x86
	EndGlobalSection
	GlobalSection(ProjectConfigurationPlatforms) = postSolution
		{060D87C4-6FB4-43C4-899F-E5ABDB74A61F}.Debug|x64.ActiveCfg = Debug|x64
		{060D87C4-6FB4-43C4-899F-E5ABDB74A61F}.Debug|x64.Build.0 = Debug|x64
		{060D87C4-6FB4-43C4-899F-E5ABDB74A61F}.Debug|x86.ActiveCfg = Debug|Win32
		{060D87C4-6FB4-43C4-899F-E5ABDB74A61F}.Debug|x86.Build.0 = Debug|Win32
		{060D87C4-6FB4-43C4-899F-E5ABDB74A61F}.Release|x64.ActiveCfg = Release|x64
		{060D87C4-6FB4-43C4-899F-E5ABDB74A61F}.Release|x64.Build.0 = Release|x64
		{060D87C4-6FB4-43C4-899F-E5ABDB74A61F}.Release|x86.ActiveCfg = Release|Win32
		{060D87C4-6FB4-43C4-899F-E5ABDB74A61F}.Release|x86.Build.0 = Release|Win32
	EndGlobalSection
	GlobalSection(SolutionProperties) = preSolution
		HideSolutionNode = FALSE
	EndGlobalSection
	GlobalSection(ExtensibilityGlobals) = postSolution
		SolutionGuid = {517CC62F-73B9-4793-B5CF-5B7507F4ECD5}
	EndGlobalSection
EndGlobal
